{
  "name": "type-tetris",
  "version": "0.0.0",
  "lockfileVersion": 1,
  "requires": true,
  "dependencies": {
    "@types/node": {
      "version": "6.0.103",
      "resolved": "https://registry.npmjs.org/@types/node/-/node-6.0.103.tgz",
      "integrity": "sha512-EHU5B9OlENiGEziLiC2XjhjBoVTiX6s4JwZrMHkLQzrzOA0bfZKfcT3fZaalgujcrs2O97VgKaxqguwV+12UJQ==",
      "dev": true
    },
    "jquery": {
      "version": "3.3.1",
      "resolved": "https://registry.npmjs.org/jquery/-/jquery-3.3.1.tgz",
      "integrity": "sha512-Ubldcmxp5np52/ENotGxlLe6aGMvmF4R8S6tZjsP6Knsaxd/xp3Zrh50cG93lR6nPXyUFwzN3ZSOQI0wRJNdGg=="
    },
    "systemjs": {
      "version": "0.21.1",
      "resolved": "https://registry.npmjs.org/systemjs/-/systemjs-0.21.1.tgz",
      "integrity": "sha512-dp9rF+Y1V2OPHw6TuMzIFWNml2ZJ2MMr3+WclOkW2crzrRwNXr6mHUeaZNdKKTgaFHii+Y7dAXEwSAlGEfXzQQ=="
    },
    "typescript": {
      "version": "2.8.1",
      "resolved": "https://registry.npmjs.org/typescript/-/typescript-2.8.1.tgz",
      "integrity": "sha512-Ao/f6d/4EPLq0YwzsQz8iXflezpTkQzqAyenTiw4kCUGr1uPiFLC3+fZ+gMZz6eeI/qdRUqvC+HxIJzUAzEFdg=="
    }
  }
}
